
Microsoft Visual Studio Solution File, Format Version 12.00
# Visual Studio Version 16
VisualStudioVersion = 16.0.33328.57
MinimumVisualStudioVersion = 10.0.40219.1
Project("{FAE04EC0-301F-11D3-BF4B-00C04F79EFBC}") = "ProyectoInv1", "ProyectoInv1.csproj", "{B2C5089F-AFAF-4887-A07D-B0B1797092E5}"
EndProject
Global
	GlobalSection(SolutionConfigurationPlatforms) = preSolution
		Debug|Any CPU = Debug|Any CPU
		Release|Any CPU = Release|Any CPU
	EndGlobalSection
	GlobalSection(ProjectConfigurationPlatforms) = postSolution
		{B2C5089F-AFAF-4887-A07D-B0B1797092E5}.Debug|Any CPU.ActiveCfg = Debug|Any CPU
		{B2C5089F-AFAF-4887-A07D-B0B1797092E5}.Debug|Any CPU.Build.0 = Debug|Any CPU
		{B2C5089F-AFAF-4887-A07D-B0B1797092E5}.Release|Any CPU.ActiveCfg = Release|Any CPU
		{B2C5089F-AFAF-4887-A07D-B0B1797092E5}.Release|Any CPU.Build.0 = Release|Any CPU
	EndGlobalSection
	GlobalSection(SolutionProperties) = preSolution
		HideSolutionNode = FALSE
	EndGlobalSection
	GlobalSection(ExtensibilityGlobals) = postSolution
		SolutionGuid = {6B73EC98-5234-4C02-86A8-93221B0AC63E}
	EndGlobalSection
EndGlobal
